
Microsoft Visual Studio Solution File, Format Version 12.00
# Visual Studio Version 16
VisualStudioVersion = 16.0.30717.126
MinimumVisualStudioVersion = 10.0.40219.1
Project("{FAE04EC0-301F-11D3-BF4B-00C04F79EFBC}") = "DataAccess", "DataAccess\DataAccess.csproj", "{57ABD0D0-4DD5-4CDB-8EB9-575D130B1F9A}"
EndProject
Project("{FAE04EC0-301F-11D3-BF4B-00C04F79EFBC}") = "Business", "Business\Business.csproj", "{9627D5CF-0F69-4604-91E3-53E1276836A5}"
EndProject
Project("{FAE04EC0-301F-11D3-BF4B-00C04F79EFBC}") = "Entities", "Entities\Entities.csproj", "{0AA9BC0D-D885-49B4-9BE8-CBF02E624C70}"
EndProject
Project("{FAE04EC0-301F-11D3-BF4B-00C04F79EFBC}") = "HukukMahkemeleriWebAPI", "HukukMahkemeleriWebAPI\HukukMahkemeleriWebAPI.csproj", "{EACCDD37-193F-49D8-9C9D-00EA638A0DE8}"
EndProject
Project("{FAE04EC0-301F-11D3-BF4B-00C04F79EFBC}") = "Core", "Core\Core.csproj", "{DE797B9E-72A4-43E8-BE4F-BDC34A767C67}"
EndProject
Global
	GlobalSection(SolutionConfigurationPlatforms) = preSolution
		Debug|Any CPU = Debug|Any CPU
		Release|Any CPU = Release|Any CPU
	EndGlobalSection
	GlobalSection(ProjectConfigurationPlatforms) = postSolution
		{57ABD0D0-4DD5-4CDB-8EB9-575D130B1F9A}.Debug|Any CPU.ActiveCfg = Debug|Any CPU
		{57ABD0D0-4DD5-4CDB-8EB9-575D130B1F9A}.Debug|Any CPU.Build.0 = Debug|Any CPU
		{57ABD0D0-4DD5-4CDB-8EB9-575D130B1F9A}.Release|Any CPU.ActiveCfg = Release|Any CPU
		{57ABD0D0-4DD5-4CDB-8EB9-575D130B1F9A}.Release|Any CPU.Build.0 = Release|Any CPU
		{9627D5CF-0F69-4604-91E3-53E1276836A5}.Debug|Any CPU.ActiveCfg = Debug|Any CPU
		{9627D5CF-0F69-4604-91E3-53E1276836A5}.Debug|Any CPU.Build.0 = Debug|Any CPU
		{9627D5CF-0F69-4604-91E3-53E1276836A5}.Release|Any CPU.ActiveCfg = Release|Any CPU
		{9627D5CF-0F69-4604-91E3-53E1276836A5}.Release|Any CPU.Build.0 = Release|Any CPU
		{0AA9BC0D-D885-49B4-9BE8-CBF02E624C70}.Debug|Any CPU.ActiveCfg = Debug|Any CPU
		{0AA9BC0D-D885-49B4-9BE8-CBF02E624C70}.Debug|Any CPU.Build.0 = Debug|Any CPU
		{0AA9BC0D-D885-49B4-9BE8-CBF02E624C70}.Release|Any CPU.ActiveCfg = Release|Any CPU
		{0AA9BC0D-D885-49B4-9BE8-CBF02E624C70}.Release|Any CPU.Build.0 = Release|Any CPU
		{EACCDD37-193F-49D8-9C9D-00EA638A0DE8}.Debug|Any CPU.ActiveCfg = Debug|Any CPU
		{EACCDD37-193F-49D8-9C9D-00EA638A0DE8}.Debug|Any CPU.Build.0 = Debug|Any CPU
		{EACCDD37-193F-49D8-9C9D-00EA638A0DE8}.Release|Any CPU.ActiveCfg = Release|Any CPU
		{EACCDD37-193F-49D8-9C9D-00EA638A0DE8}.Release|Any CPU.Build.0 = Release|Any CPU
		{DE797B9E-72A4-43E8-BE4F-BDC34A767C67}.Debug|Any CPU.ActiveCfg = Debug|Any CPU
		{DE797B9E-72A4-43E8-BE4F-BDC34A767C67}.Debug|Any CPU.Build.0 = Debug|Any CPU
		{DE797B9E-72A4-43E8-BE4F-BDC34A767C67}.Release|Any CPU.ActiveCfg = Release|Any CPU
		{DE797B9E-72A4-43E8-BE4F-BDC34A767C67}.Release|Any CPU.Build.0 = Release|Any CPU
	EndGlobalSection
	GlobalSection(SolutionProperties) = preSolution
		HideSolutionNode = FALSE
	EndGlobalSection
	GlobalSection(ExtensibilityGlobals) = postSolution
		SolutionGuid = {1C2D53F1-3216-4AFA-9689-F0C08E65F067}
	EndGlobalSection
EndGlobal
